
Microsoft Visual Studio Solution File, Format Version 12.00
# Visual Studio 14
VisualStudioVersion = 14.0.24720.0
MinimumVisualStudioVersion = 10.0.40219.1
Project("{F2A71F9B-5D33-465A-A702-920D77279786}") = "FSharping.Website", "src\FSharping.Website\FSharping.Website.fsproj", "{A3364743-515C-4E55-BAED-F88F9A215DE3}"
EndProject
Project("{F2A71F9B-5D33-465A-A702-920D77279786}") = "FSharping.Website.Tests", "tests\FSharping.Website.Tests\FSharping.Website.Tests.fsproj", "{C608B9F4-A6D1-4165-AF89-716FC212BEE0}"
EndProject
Global
	GlobalSection(SolutionConfigurationPlatforms) = preSolution
		Debug|Any CPU = Debug|Any CPU
		Release|Any CPU = Release|Any CPU
	EndGlobalSection
	GlobalSection(ProjectConfigurationPlatforms) = postSolution
		{A3364743-515C-4E55-BAED-F88F9A215DE3}.Debug|Any CPU.ActiveCfg = Debug|Any CPU
		{A3364743-515C-4E55-BAED-F88F9A215DE3}.Debug|Any CPU.Build.0 = Debug|Any CPU
		{A3364743-515C-4E55-BAED-F88F9A215DE3}.Release|Any CPU.ActiveCfg = Release|Any CPU
		{A3364743-515C-4E55-BAED-F88F9A215DE3}.Release|Any CPU.Build.0 = Release|Any CPU
		{C608B9F4-A6D1-4165-AF89-716FC212BEE0}.Debug|Any CPU.ActiveCfg = Debug|Any CPU
		{C608B9F4-A6D1-4165-AF89-716FC212BEE0}.Debug|Any CPU.Build.0 = Debug|Any CPU
		{C608B9F4-A6D1-4165-AF89-716FC212BEE0}.Release|Any CPU.ActiveCfg = Release|Any CPU
		{C608B9F4-A6D1-4165-AF89-716FC212BEE0}.Release|Any CPU.Build.0 = Release|Any CPU
	EndGlobalSection
	GlobalSection(SolutionProperties) = preSolution
		HideSolutionNode = FALSE
	EndGlobalSection
EndGlobal
